// !$*UTF8*$!
{
	archiveVersion = 1;
	classes = {
	};
	objectVersion = 55;
	objects = {

/* Begin PBXBuildFile section */
		CE0B2EA429265DBE006F23A0 /* AppDelegate.swift in Sources */ = {isa = PBXBuildFile; fileRef = CE0B2EA329265DBE006F23A0 /* AppDelegate.swift */; };
		CE0B2EA629265DBE006F23A0 /* SceneDelegate.swift in Sources */ = {isa = PBXBuildFile; fileRef = CE0B2EA529265DBE006F23A0 /* SceneDelegate.swift */; };
		CE0B2EA829265DBE006F23A0 /* OnboardingViewController.swift in Sources */ = {isa = PBXBuildFile; fileRef = CE0B2EA729265DBE006F23A0 /* OnboardingViewController.swift */; };
		CE0B2EAB29265DBE006F23A0 /* Onboarding.storyboard in Resources */ = {isa = PBXBuildFile; fileRef = CE0B2EA929265DBE006F23A0 /* Onboarding.storyboard */; };
		CE0B2EAD29265DBF006F23A0 /* Assets.xcassets in Resources */ = {isa = PBXBuildFile; fileRef = CE0B2EAC29265DBF006F23A0 /* Assets.xcassets */; };
		CE0B2EB029265DBF006F23A0 /* LaunchScreen.storyboard in Resources */ = {isa = PBXBuildFile; fileRef = CE0B2EAE29265DBF006F23A0 /* LaunchScreen.storyboard */; };
		CE323F16292E4F6300AF224F /* SliderView.swift in Sources */ = {isa = PBXBuildFile; fileRef = CE323F15292E4F6300AF224F /* SliderView.swift */; };
		CE4516952952D5A600ED94AF /* PencilKitInterface.swift in Sources */ = {isa = PBXBuildFile; fileRef = CE4516942952D5A600ED94AF /* PencilKitInterface.swift */; };
		CE451AF9292DEEE90051C222 /* ToolCell.swift in Sources */ = {isa = PBXBuildFile; fileRef = CE451AF8292DEEE90051C222 /* ToolCell.swift */; };
		CE4B6B212930893600CA707A /* ResizableCollectionView.swift in Sources */ = {isa = PBXBuildFile; fileRef = CE4B6B202930893600CA707A /* ResizableCollectionView.swift */; };
		CE4B6B2429309C7C00CA707A /* LoadedImageInfo.swift in Sources */ = {isa = PBXBuildFile; fileRef = CE4B6B2329309C7C00CA707A /* LoadedImageInfo.swift */; };
		CE4B6B2629309E4000CA707A /* Content.swift in Sources */ = {isa = PBXBuildFile; fileRef = CE4B6B2529309E4000CA707A /* Content.swift */; };
		CE4B6B282930B4B200CA707A /* PHImageManagerExtension.swift in Sources */ = {isa = PBXBuildFile; fileRef = CE4B6B272930B4B200CA707A /* PHImageManagerExtension.swift */; };
		CE4B6B2A2930B50400CA707A /* CGSizeExtension.swift in Sources */ = {isa = PBXBuildFile; fileRef = CE4B6B292930B50400CA707A /* CGSizeExtension.swift */; };
		CE59416B292B4B5400A05304 /* UIViewControllerExtension.swift in Sources */ = {isa = PBXBuildFile; fileRef = CE59416A292B4B5400A05304 /* UIViewControllerExtension.swift */; };
		CE59416D292B4B8D00A05304 /* UICollectionViewCellExtension.swift in Sources */ = {isa = PBXBuildFile; fileRef = CE59416C292B4B8D00A05304 /* UICollectionViewCellExtension.swift */; };
		CE77518829274E6A0058259C /* UIViewExtensions.swift in Sources */ = {isa = PBXBuildFile; fileRef = CE77518729274E6A0058259C /* UIViewExtensions.swift */; };
		CE77518A29275BA80058259C /* UIImageExtension.swift in Sources */ = {isa = PBXBuildFile; fileRef = CE77518929275BA80058259C /* UIImageExtension.swift */; };
		CE77518C29275DD10058259C /* emojiDuck.gif in Resources */ = {isa = PBXBuildFile; fileRef = CE77518B29275DD10058259C /* emojiDuck.gif */; };
		CE775191292785750058259C /* Main.storyboard in Resources */ = {isa = PBXBuildFile; fileRef = CE775190292785750058259C /* Main.storyboard */; };
		CE775193292785A70058259C /* MainViewController.swift in Sources */ = {isa = PBXBuildFile; fileRef = CE775192292785A70058259C /* MainViewController.swift */; };
		CE775196292795350058259C /* GalleryViewController.swift in Sources */ = {isa = PBXBuildFile; fileRef = CE775195292795350058259C /* GalleryViewController.swift */; };
		CE775198292795410058259C /* Gallery.storyboard in Resources */ = {isa = PBXBuildFile; fileRef = CE775197292795410058259C /* Gallery.storyboard */; };
		CE77519A292797680058259C /* UIImageViewExtension.swift in Sources */ = {isa = PBXBuildFile; fileRef = CE775199292797680058259C /* UIImageViewExtension.swift */; };
		CE831D6B2951E0D3009C6C1D /* PKCanvas.swift in Sources */ = {isa = PBXBuildFile; fileRef = CE831D6A2951E0D3009C6C1D /* PKCanvas.swift */; };
		CEB393BB292B99D400CA2884 /* GalleryCell.swift in Sources */ = {isa = PBXBuildFile; fileRef = CEB393B9292B99D400CA2884 /* GalleryCell.swift */; };
		CECE5B7B2930F49C00C4D77F /* ToolsView.swift in Sources */ = {isa = PBXBuildFile; fileRef = CECE5B7A2930F49C00C4D77F /* ToolsView.swift */; };
		CED75E0B29548090000F8BDC /* ColorPickerViewController.swift in Sources */ = {isa = PBXBuildFile; fileRef = CED75E0A29548090000F8BDC /* ColorPickerViewController.swift */; };
		CED75E0D29548106000F8BDC /* ColorPicker.storyboard in Resources */ = {isa = PBXBuildFile; fileRef = CED75E0C29548106000F8BDC /* ColorPicker.storyboard */; };
/* End PBXBuildFile section */

/* Begin PBXFileReference section */
		CE0B2EA029265DBE006F23A0 /* PhotoEditor.app */ = {isa = PBXFileReference; explicitFileType = wrapper.application; includeInIndex = 0; path = PhotoEditor.app; sourceTree = BUILT_PRODUCTS_DIR; };
		CE0B2EA329265DBE006F23A0 /* AppDelegate.swift */ = {isa = PBXFileReference; lastKnownFileType = sourcecode.swift; path = AppDelegate.swift; sourceTree = "<group>"; };
		CE0B2EA529265DBE006F23A0 /* SceneDelegate.swift */ = {isa = PBXFileReference; lastKnownFileType = sourcecode.swift; path = SceneDelegate.swift; sourceTree = "<group>"; };
		CE0B2EA729265DBE006F23A0 /* OnboardingViewController.swift */ = {isa = PBXFileReference; lastKnownFileType = sourcecode.swift; path = OnboardingViewController.swift; sourceTree = "<group>"; };
		CE0B2EAA29265DBE006F23A0 /* Base */ = {isa = PBXFileReference; lastKnownFileType = file.storyboard; name = Base; path = Base.lproj/Onboarding.storyboard; sourceTree = "<group>"; };
		CE0B2EAC29265DBF006F23A0 /* Assets.xcassets */ = {isa = PBXFileReference; lastKnownFileType = folder.assetcatalog; path = Assets.xcassets; sourceTree = "<group>"; };
		CE0B2EAF29265DBF006F23A0 /* Base */ = {isa = PBXFileReference; lastKnownFileType = file.storyboard; name = Base; path = Base.lproj/LaunchScreen.storyboard; sourceTree = "<group>"; };
		CE0B2EB129265DBF006F23A0 /* Info.plist */ = {isa = PBXFileReference; lastKnownFileType = text.plist.xml; path = Info.plist; sourceTree = "<group>"; };
		CE323F15292E4F6300AF224F /* SliderView.swift */ = {isa = PBXFileReference; lastKnownFileType = sourcecode.swift; path = SliderView.swift; sourceTree = "<group>"; };
		CE4516942952D5A600ED94AF /* PencilKitInterface.swift */ = {isa = PBXFileReference; lastKnownFileType = sourcecode.swift; path = PencilKitInterface.swift; sourceTree = "<group>"; };
		CE451AF8292DEEE90051C222 /* ToolCell.swift */ = {isa = PBXFileReference; lastKnownFileType = sourcecode.swift; path = ToolCell.swift; sourceTree = "<group>"; };
		CE4B6B202930893600CA707A /* ResizableCollectionView.swift */ = {isa = PBXFileReference; lastKnownFileType = sourcecode.swift; path = ResizableCollectionView.swift; sourceTree = "<group>"; };
		CE4B6B2329309C7C00CA707A /* LoadedImageInfo.swift */ = {isa = PBXFileReference; lastKnownFileType = sourcecode.swift; path = LoadedImageInfo.swift; sourceTree = "<group>"; };
		CE4B6B2529309E4000CA707A /* Content.swift */ = {isa = PBXFileReference; lastKnownFileType = sourcecode.swift; path = Content.swift; sourceTree = "<group>"; };
		CE4B6B272930B4B200CA707A /* PHImageManagerExtension.swift */ = {isa = PBXFileReference; lastKnownFileType = sourcecode.swift; path = PHImageManagerExtension.swift; sourceTree = "<group>"; };
		CE4B6B292930B50400CA707A /* CGSizeExtension.swift */ = {isa = PBXFileReference; lastKnownFileType = sourcecode.swift; path = CGSizeExtension.swift; sourceTree = "<group>"; };
		CE59416A292B4B5400A05304 /* UIViewControllerExtension.swift */ = {isa = PBXFileReference; lastKnownFileType = sourcecode.swift; path = UIViewControllerExtension.swift; sourceTree = "<group>"; };
		CE59416C292B4B8D00A05304 /* UICollectionViewCellExtension.swift */ = {isa = PBXFileReference; lastKnownFileType = sourcecode.swift; path = UICollectionViewCellExtension.swift; sourceTree = "<group>"; };
		CE77518729274E6A0058259C /* UIViewExtensions.swift */ = {isa = PBXFileReference; lastKnownFileType = sourcecode.swift; path = UIViewExtensions.swift; sourceTree = "<group>"; };
		CE77518929275BA80058259C /* UIImageExtension.swift */ = {isa = PBXFileReference; lastKnownFileType = sourcecode.swift; path = UIImageExtension.swift; sourceTree = "<group>"; };
		CE77518B29275DD10058259C /* emojiDuck.gif */ = {isa = PBXFileReference; lastKnownFileType = image.gif; path = emojiDuck.gif; sourceTree = "<group>"; };
		CE775190292785750058259C /* Main.storyboard */ = {isa = PBXFileReference; lastKnownFileType = file.storyboard; path = Main.storyboard; sourceTree = "<group>"; };
		CE775192292785A70058259C /* MainViewController.swift */ = {isa = PBXFileReference; lastKnownFileType = sourcecode.swift; path = MainViewController.swift; sourceTree = "<group>"; };
		CE775195292795350058259C /* GalleryViewController.swift */ = {isa = PBXFileReference; lastKnownFileType = sourcecode.swift; path = GalleryViewController.swift; sourceTree = "<group>"; };
		CE775197292795410058259C /* Gallery.storyboard */ = {isa = PBXFileReference; lastKnownFileType = file.storyboard; path = Gallery.storyboard; sourceTree = "<group>"; };
		CE775199292797680058259C /* UIImageViewExtension.swift */ = {isa = PBXFileReference; lastKnownFileType = sourcecode.swift; path = UIImageViewExtension.swift; sourceTree = "<group>"; };
		CE831D6A2951E0D3009C6C1D /* PKCanvas.swift */ = {isa = PBXFileReference; lastKnownFileType = sourcecode.swift; path = PKCanvas.swift; sourceTree = "<group>"; };
		CEB393B9292B99D400CA2884 /* GalleryCell.swift */ = {isa = PBXFileReference; lastKnownFileType = sourcecode.swift; path = GalleryCell.swift; sourceTree = "<group>"; };
		CECE5B7A2930F49C00C4D77F /* ToolsView.swift */ = {isa = PBXFileReference; lastKnownFileType = sourcecode.swift; path = ToolsView.swift; sourceTree = "<group>"; };
		CED75E0A29548090000F8BDC /* ColorPickerViewController.swift */ = {isa = PBXFileReference; lastKnownFileType = sourcecode.swift; path = ColorPickerViewController.swift; sourceTree = "<group>"; };
		CED75E0C29548106000F8BDC /* ColorPicker.storyboard */ = {isa = PBXFileReference; lastKnownFileType = file.storyboard; path = ColorPicker.storyboard; sourceTree = "<group>"; };
/* End PBXFileReference section */

/* Begin PBXFrameworksBuildPhase section */
		CE0B2E9D29265DBD006F23A0 /* Frameworks */ = {
			isa = PBXFrameworksBuildPhase;
			buildActionMask = 2147483647;
			files = (
			);
			runOnlyForDeploymentPostprocessing = 0;
		};
/* End PBXFrameworksBuildPhase section */

/* Begin PBXGroup section */
		CE0B2E9729265DBD006F23A0 = {
			isa = PBXGroup;
			children = (
				CE0B2EA229265DBE006F23A0 /* PhotoEditor */,
				CE0B2EA129265DBE006F23A0 /* Products */,
			);
			sourceTree = "<group>";
		};
		CE0B2EA129265DBE006F23A0 /* Products */ = {
			isa = PBXGroup;
			children = (
				CE0B2EA029265DBE006F23A0 /* PhotoEditor.app */,
			);
			name = Products;
			sourceTree = "<group>";
		};
		CE0B2EA229265DBE006F23A0 /* PhotoEditor */ = {
			isa = PBXGroup;
			children = (
				CE77518B29275DD10058259C /* emojiDuck.gif */,
				CE0B2EB129265DBF006F23A0 /* Info.plist */,
				CE0B2EB7292661CD006F23A0 /* Application */,
				CE4B6B2229309C7100CA707A /* Models */,
				CE0B2EB9292661EB006F23A0 /* Modules */,
				CE0B2EB8292661DB006F23A0 /* Resources */,
				CE77518529274E4B0058259C /* Utils */,
				CE323F14292E4EA900AF224F /* Views */,
			);
			path = PhotoEditor;
			sourceTree = "<group>";
		};
		CE0B2EB7292661CD006F23A0 /* Application */ = {
			isa = PBXGroup;
			children = (
				CE0B2EA529265DBE006F23A0 /* SceneDelegate.swift */,
				CE0B2EA329265DBE006F23A0 /* AppDelegate.swift */,
			);
			path = Application;
			sourceTree = "<group>";
		};
		CE0B2EB8292661DB006F23A0 /* Resources */ = {
			isa = PBXGroup;
			children = (
				CE0B2EAC29265DBF006F23A0 /* Assets.xcassets */,
			);
			path = Resources;
			sourceTree = "<group>";
		};
		CE0B2EB9292661EB006F23A0 /* Modules */ = {
			isa = PBXGroup;
			children = (
				CED75E092954806A000F8BDC /* ColorPicker */,
				CE775194292795180058259C /* Gallery */,
				CE0B2EBA29266301006F23A0 /* Launch */,
				CE77518D292785450058259C /* Main */,
				CE0B2EBC2926633C006F23A0 /* Onboarding */,
			);
			path = Modules;
			sourceTree = "<group>";
		};
		CE0B2EBA29266301006F23A0 /* Launch */ = {
			isa = PBXGroup;
			children = (
				CE0B2EAE29265DBF006F23A0 /* LaunchScreen.storyboard */,
			);
			path = Launch;
			sourceTree = "<group>";
		};
		CE0B2EBC2926633C006F23A0 /* Onboarding */ = {
			isa = PBXGroup;
			children = (
				CE0B2EA729265DBE006F23A0 /* OnboardingViewController.swift */,
				CE0B2EA929265DBE006F23A0 /* Onboarding.storyboard */,
			);
			path = Onboarding;
			sourceTree = "<group>";
		};
		CE323F14292E4EA900AF224F /* Views */ = {
			isa = PBXGroup;
			children = (
				CE831D692951E036009C6C1D /* Canvas */,
				CE5DFF85293496700034A634 /* Tools */,
				CE323F15292E4F6300AF224F /* SliderView.swift */,
				CE4B6B202930893600CA707A /* ResizableCollectionView.swift */,
			);
			path = Views;
			sourceTree = "<group>";
		};
		CE4B6B2229309C7100CA707A /* Models */ = {
			isa = PBXGroup;
			children = (
				CE4B6B2329309C7C00CA707A /* LoadedImageInfo.swift */,
				CE4B6B2529309E4000CA707A /* Content.swift */,
			);
			path = Models;
			sourceTree = "<group>";
		};
		CE5DFF85293496700034A634 /* Tools */ = {
			isa = PBXGroup;
			children = (
				CECE5B7A2930F49C00C4D77F /* ToolsView.swift */,
				CE451AF8292DEEE90051C222 /* ToolCell.swift */,
			);
			path = Tools;
			sourceTree = "<group>";
		};
		CE77518529274E4B0058259C /* Utils */ = {
			isa = PBXGroup;
			children = (
				CE77518629274E500058259C /* Extensions */,
			);
			path = Utils;
			sourceTree = "<group>";
		};
		CE77518629274E500058259C /* Extensions */ = {
			isa = PBXGroup;
			children = (
				CE77518729274E6A0058259C /* UIViewExtensions.swift */,
				CE77518929275BA80058259C /* UIImageExtension.swift */,
				CE775199292797680058259C /* UIImageViewExtension.swift */,
				CE59416A292B4B5400A05304 /* UIViewControllerExtension.swift */,
				CE59416C292B4B8D00A05304 /* UICollectionViewCellExtension.swift */,
				CE4B6B272930B4B200CA707A /* PHImageManagerExtension.swift */,
				CE4B6B292930B50400CA707A /* CGSizeExtension.swift */,
			);
			path = Extensions;
			sourceTree = "<group>";
		};
		CE77518D292785450058259C /* Main */ = {
			isa = PBXGroup;
			children = (
				CE775190292785750058259C /* Main.storyboard */,
				CE775192292785A70058259C /* MainViewController.swift */,
			);
			path = Main;
			sourceTree = "<group>";
		};
		CE775194292795180058259C /* Gallery */ = {
			isa = PBXGroup;
			children = (
				CE775197292795410058259C /* Gallery.storyboard */,
				CE775195292795350058259C /* GalleryViewController.swift */,
				CE77519C2927B46D0058259C /* Cell */,
			);
			path = Gallery;
			sourceTree = "<group>";
		};
		CE77519C2927B46D0058259C /* Cell */ = {
			isa = PBXGroup;
			children = (
				CEB393B9292B99D400CA2884 /* GalleryCell.swift */,
			);
			path = Cell;
			sourceTree = "<group>";
		};
		CE831D692951E036009C6C1D /* Canvas */ = {
			isa = PBXGroup;
			children = (
				CE831D6A2951E0D3009C6C1D /* PKCanvas.swift */,
				CE4516942952D5A600ED94AF /* PencilKitInterface.swift */,
			);
			path = Canvas;
			sourceTree = "<group>";
		};
		CED75E092954806A000F8BDC /* ColorPicker */ = {
			isa = PBXGroup;
			children = (
				CED75E0A29548090000F8BDC /* ColorPickerViewController.swift */,
				CED75E0C29548106000F8BDC /* ColorPicker.storyboard */,
			);
			path = ColorPicker;
			sourceTree = "<group>";
		};
/* End PBXGroup section */

/* Begin PBXNativeTarget section */
		CE0B2E9F29265DBD006F23A0 /* PhotoEditor */ = {
			isa = PBXNativeTarget;
			buildConfigurationList = CE0B2EB429265DBF006F23A0 /* Build configuration list for PBXNativeTarget "PhotoEditor" */;
			buildPhases = (
				CE0B2E9C29265DBD006F23A0 /* Sources */,
				CE0B2E9D29265DBD006F23A0 /* Frameworks */,
				CE0B2E9E29265DBD006F23A0 /* Resources */,
			);
			buildRules = (
			);
			dependencies = (
			);
			name = PhotoEditor;
			productName = PhotoEditor;
			productReference = CE0B2EA029265DBE006F23A0 /* PhotoEditor.app */;
			productType = "com.apple.product-type.application";
		};
/* End PBXNativeTarget section */

/* Begin PBXProject section */
		CE0B2E9829265DBD006F23A0 /* Project object */ = {
			isa = PBXProject;
			attributes = {
				BuildIndependentTargetsInParallel = 1;
				LastSwiftUpdateCheck = 1410;
				LastUpgradeCheck = 1410;
				TargetAttributes = {
					CE0B2E9F29265DBD006F23A0 = {
						CreatedOnToolsVersion = 14.1;
					};
				};
			};
			buildConfigurationList = CE0B2E9B29265DBD006F23A0 /* Build configuration list for PBXProject "PhotoEditor" */;
			compatibilityVersion = "Xcode 13.0";
			developmentRegion = en;
			hasScannedForEncodings = 0;
			knownRegions = (
				en,
				Base,
			);
			mainGroup = CE0B2E9729265DBD006F23A0;
			productRefGroup = CE0B2EA129265DBE006F23A0 /* Products */;
			projectDirPath = "";
			projectRoot = "";
			targets = (
				CE0B2E9F29265DBD006F23A0 /* PhotoEditor */,
			);
		};
/* End PBXProject section */

/* Begin PBXResourcesBuildPhase section */
		CE0B2E9E29265DBD006F23A0 /* Resources */ = {
			isa = PBXResourcesBuildPhase;
			buildActionMask = 2147483647;
			files = (
				CE77518C29275DD10058259C /* emojiDuck.gif in Resources */,
				CE775198292795410058259C /* Gallery.storyboard in Resources */,
				CE775191292785750058259C /* Main.storyboard in Resources */,
				CED75E0D29548106000F8BDC /* ColorPicker.storyboard in Resources */,
				CE0B2EB029265DBF006F23A0 /* LaunchScreen.storyboard in Resources */,
				CE0B2EAD29265DBF006F23A0 /* Assets.xcassets in Resources */,
				CE0B2EAB29265DBE006F23A0 /* Onboarding.storyboard in Resources */,
			);
			runOnlyForDeploymentPostprocessing = 0;
		};
/* End PBXResourcesBuildPhase section */

/* Begin PBXSourcesBuildPhase section */
		CE0B2E9C29265DBD006F23A0 /* Sources */ = {
			isa = PBXSourcesBuildPhase;
			buildActionMask = 2147483647;
			files = (
				CED75E0B29548090000F8BDC /* ColorPickerViewController.swift in Sources */,
				CE0B2EA829265DBE006F23A0 /* OnboardingViewController.swift in Sources */,
				CE775196292795350058259C /* GalleryViewController.swift in Sources */,
				CEB393BB292B99D400CA2884 /* GalleryCell.swift in Sources */,
				CE4B6B2629309E4000CA707A /* Content.swift in Sources */,
				CE59416B292B4B5400A05304 /* UIViewControllerExtension.swift in Sources */,
				CE4B6B212930893600CA707A /* ResizableCollectionView.swift in Sources */,
				CE4B6B282930B4B200CA707A /* PHImageManagerExtension.swift in Sources */,
				CE451AF9292DEEE90051C222 /* ToolCell.swift in Sources */,
				CE831D6B2951E0D3009C6C1D /* PKCanvas.swift in Sources */,
				CE0B2EA429265DBE006F23A0 /* AppDelegate.swift in Sources */,
				CE4516952952D5A600ED94AF /* PencilKitInterface.swift in Sources */,
				CECE5B7B2930F49C00C4D77F /* ToolsView.swift in Sources */,
				CE77518829274E6A0058259C /* UIViewExtensions.swift in Sources */,
				CE775193292785A70058259C /* MainViewController.swift in Sources */,
				CE4B6B2429309C7C00CA707A /* LoadedImageInfo.swift in Sources */,
				CE77518A29275BA80058259C /* UIImageExtension.swift in Sources */,
				CE77519A292797680058259C /* UIImageViewExtension.swift in Sources */,
				CE0B2EA629265DBE006F23A0 /* SceneDelegate.swift in Sources */,
				CE59416D292B4B8D00A05304 /* UICollectionViewCellExtension.swift in Sources */,
				CE4B6B2A2930B50400CA707A /* CGSizeExtension.swift in Sources */,
				CE323F16292E4F6300AF224F /* SliderView.swift in Sources */,
			);
			runOnlyForDeploymentPostprocessing = 0;
		};
/* End PBXSourcesBuildPhase section */

/* Begin PBXVariantGroup section */
		CE0B2EA929265DBE006F23A0 /* Onboarding.storyboard */ = {
			isa = PBXVariantGroup;
			children = (
				CE0B2EAA29265DBE006F23A0 /* Base */,
			);
			name = Onboarding.storyboard;
			sourceTree = "<group>";
		};
		CE0B2EAE29265DBF006F23A0 /* LaunchScreen.storyboard */ = {
			isa = PBXVariantGroup;
			children = (
				CE0B2EAF29265DBF006F23A0 /* Base */,
			);
			name = LaunchScreen.storyboard;
			sourceTree = "<group>";
		};
/* End PBXVariantGroup section */

/* Begin XCBuildConfiguration section */
		CE0B2EB229265DBF006F23A0 /* Debug */ = {
			isa = XCBuildConfiguration;
			buildSettings = {
				ALWAYS_SEARCH_USER_PATHS = NO;
				CLANG_ANALYZER_NONNULL = YES;
				CLANG_ANALYZER_NUMBER_OBJECT_CONVERSION = YES_AGGRESSIVE;
				CLANG_CXX_LANGUAGE_STANDARD = "gnu++20";
				CLANG_ENABLE_MODULES = YES;
				CLANG_ENABLE_OBJC_ARC = YES;
				CLANG_ENABLE_OBJC_WEAK = YES;
				CLANG_WARN_BLOCK_CAPTURE_AUTORELEASING = YES;
				CLANG_WARN_BOOL_CONVERSION = YES;
				CLANG_WARN_COMMA = YES;
				CLANG_WARN_CONSTANT_CONVERSION = YES;
				CLANG_WARN_DEPRECATED_OBJC_IMPLEMENTATIONS = YES;
				CLANG_WARN_DIRECT_OBJC_ISA_USAGE = YES_ERROR;
				CLANG_WARN_DOCUMENTATION_COMMENTS = YES;
				CLANG_WARN_EMPTY_BODY = YES;
				CLANG_WARN_ENUM_CONVERSION = YES;
				CLANG_WARN_INFINITE_RECURSION = YES;
				CLANG_WARN_INT_CONVERSION = YES;
				CLANG_WARN_NON_LITERAL_NULL_CONVERSION = YES;
				CLANG_WARN_OBJC_IMPLICIT_RETAIN_SELF = YES;
				CLANG_WARN_OBJC_LITERAL_CONVERSION = YES;
				CLANG_WARN_OBJC_ROOT_CLASS = YES_ERROR;
				CLANG_WARN_QUOTED_INCLUDE_IN_FRAMEWORK_HEADER = YES;
				CLANG_WARN_RANGE_LOOP_ANALYSIS = YES;
				CLANG_WARN_STRICT_PROTOTYPES = YES;
				CLANG_WARN_SUSPICIOUS_MOVE = YES;
				CLANG_WARN_UNGUARDED_AVAILABILITY = YES_AGGRESSIVE;
				CLANG_WARN_UNREACHABLE_CODE = YES;
				CLANG_WARN__DUPLICATE_METHOD_MATCH = YES;
				COPY_PHASE_STRIP = NO;
				DEBUG_INFORMATION_FORMAT = dwarf;
				ENABLE_STRICT_OBJC_MSGSEND = YES;
				ENABLE_TESTABILITY = YES;
				GCC_C_LANGUAGE_STANDARD = gnu11;
				GCC_DYNAMIC_NO_PIC = NO;
				GCC_NO_COMMON_BLOCKS = YES;
				GCC_OPTIMIZATION_LEVEL = 0;
				GCC_PREPROCESSOR_DEFINITIONS = (
					"DEBUG=1",
					"$(inherited)",
				);
				GCC_WARN_64_TO_32_BIT_CONVERSION = YES;
				GCC_WARN_ABOUT_RETURN_TYPE = YES_ERROR;
				GCC_WARN_UNDECLARED_SELECTOR = YES;
				GCC_WARN_UNINITIALIZED_AUTOS = YES_AGGRESSIVE;
				GCC_WARN_UNUSED_FUNCTION = YES;
				GCC_WARN_UNUSED_VARIABLE = YES;
				IPHONEOS_DEPLOYMENT_TARGET = 16.1;
				MTL_ENABLE_DEBUG_INFO = INCLUDE_SOURCE;
				MTL_FAST_MATH = YES;
				ONLY_ACTIVE_ARCH = YES;
				SDKROOT = iphoneos;
				SWIFT_ACTIVE_COMPILATION_CONDITIONS = DEBUG;
				SWIFT_OPTIMIZATION_LEVEL = "-Onone";
			};
			name = Debug;
		};
		CE0B2EB329265DBF006F23A0 /* Release */ = {
			isa = XCBuildConfiguration;
			buildSettings = {
				ALWAYS_SEARCH_USER_PATHS = NO;
				CLANG_ANALYZER_NONNULL = YES;
				CLANG_ANALYZER_NUMBER_OBJECT_CONVERSION = YES_AGGRESSIVE;
				CLANG_CXX_LANGUAGE_STANDARD = "gnu++20";
				CLANG_ENABLE_MODULES = YES;
				CLANG_ENABLE_OBJC_ARC = YES;
				CLANG_ENABLE_OBJC_WEAK = YES;
				CLANG_WARN_BLOCK_CAPTURE_AUTORELEASING = YES;
				CLANG_WARN_BOOL_CONVERSION = YES;
				CLANG_WARN_COMMA = YES;
				CLANG_WARN_CONSTANT_CONVERSION = YES;
				CLANG_WARN_DEPRECATED_OBJC_IMPLEMENTATIONS = YES;
				CLANG_WARN_DIRECT_OBJC_ISA_USAGE = YES_ERROR;
				CLANG_WARN_DOCUMENTATION_COMMENTS = YES;
				CLANG_WARN_EMPTY_BODY = YES;
				CLANG_WARN_ENUM_CONVERSION = YES;
				CLANG_WARN_INFINITE_RECURSION = YES;
				CLANG_WARN_INT_CONVERSION = YES;
				CLANG_WARN_NON_LITERAL_NULL_CONVERSION = YES;
				CLANG_WARN_OBJC_IMPLICIT_RETAIN_SELF = YES;
				CLANG_WARN_OBJC_LITERAL_CONVERSION = YES;
				CLANG_WARN_OBJC_ROOT_CLASS = YES_ERROR;
				CLANG_WARN_QUOTED_INCLUDE_IN_FRAMEWORK_HEADER = YES;
				CLANG_WARN_RANGE_LOOP_ANALYSIS = YES;
				CLANG_WARN_STRICT_PROTOTYPES = YES;
				CLANG_WARN_SUSPICIOUS_MOVE = YES;
				CLANG_WARN_UNGUARDED_AVAILABILITY = YES_AGGRESSIVE;
				CLANG_WARN_UNREACHABLE_CODE = YES;
				CLANG_WARN__DUPLICATE_METHOD_MATCH = YES;
				COPY_PHASE_STRIP = NO;
				DEBUG_INFORMATION_FORMAT = "dwarf-with-dsym";
				ENABLE_NS_ASSERTIONS = NO;
				ENABLE_STRICT_OBJC_MSGSEND = YES;
				GCC_C_LANGUAGE_STANDARD = gnu11;
				GCC_NO_COMMON_BLOCKS = YES;
				GCC_WARN_64_TO_32_BIT_CONVERSION = YES;
				GCC_WARN_ABOUT_RETURN_TYPE = YES_ERROR;
				GCC_WARN_UNDECLARED_SELECTOR = YES;
				GCC_WARN_UNINITIALIZED_AUTOS = YES_AGGRESSIVE;
				GCC_WARN_UNUSED_FUNCTION = YES;
				GCC_WARN_UNUSED_VARIABLE = YES;
				IPHONEOS_DEPLOYMENT_TARGET = 16.1;
				MTL_ENABLE_DEBUG_INFO = NO;
				MTL_FAST_MATH = YES;
				SDKROOT = iphoneos;
				SWIFT_COMPILATION_MODE = wholemodule;
				SWIFT_OPTIMIZATION_LEVEL = "-O";
				VALIDATE_PRODUCT = YES;
			};
			name = Release;
		};
		CE0B2EB529265DBF006F23A0 /* Debug */ = {
			isa = XCBuildConfiguration;
			buildSettings = {
				ASSETCATALOG_COMPILER_APPICON_NAME = AppIcon;
				ASSETCATALOG_COMPILER_GLOBAL_ACCENT_COLOR_NAME = AccentColor;
				CODE_SIGN_STYLE = Automatic;
				CURRENT_PROJECT_VERSION = 1;
				DEVELOPMENT_TEAM = 65CGDLNXGP;
				GENERATE_INFOPLIST_FILE = YES;
				INFOPLIST_FILE = PhotoEditor/Info.plist;
				INFOPLIST_KEY_UIApplicationSupportsIndirectInputEvents = YES;
				INFOPLIST_KEY_UILaunchStoryboardName = LaunchScreen;
				INFOPLIST_KEY_UIMainStoryboardFile = Onboarding;
				INFOPLIST_KEY_UISupportedInterfaceOrientations = UIInterfaceOrientationPortrait;
				IPHONEOS_DEPLOYMENT_TARGET = 13.0;
				LD_RUNPATH_SEARCH_PATHS = (
					"$(inherited)",
					"@executable_path/Frameworks",
				);
				MARKETING_VERSION = 1.0;
				PRODUCT_BUNDLE_IDENTIFIER = com.photoEditor.boltromyuk.PhotoEditor;
				PRODUCT_NAME = "$(TARGET_NAME)";
				SWIFT_EMIT_LOC_STRINGS = YES;
				SWIFT_VERSION = 5.0;
				TARGETED_DEVICE_FAMILY = "1,2";
			};
			name = Debug;
		};
		CE0B2EB629265DBF006F23A0 /* Release */ = {
			isa = XCBuildConfiguration;
			buildSettings = {
				ASSETCATALOG_COMPILER_APPICON_NAME = AppIcon;
				ASSETCATALOG_COMPILER_GLOBAL_ACCENT_COLOR_NAME = AccentColor;
				CODE_SIGN_STYLE = Automatic;
				CURRENT_PROJECT_VERSION = 1;
				DEVELOPMENT_TEAM = 65CGDLNXGP;
				GENERATE_INFOPLIST_FILE = YES;
				INFOPLIST_FILE = PhotoEditor/Info.plist;
				INFOPLIST_KEY_UIApplicationSupportsIndirectInputEvents = YES;
				INFOPLIST_KEY_UILaunchStoryboardName = LaunchScreen;
				INFOPLIST_KEY_UIMainStoryboardFile = Onboarding;
				INFOPLIST_KEY_UISupportedInterfaceOrientations = UIInterfaceOrientationPortrait;
				IPHONEOS_DEPLOYMENT_TARGET = 13.0;
				LD_RUNPATH_SEARCH_PATHS = (
					"$(inherited)",
					"@executable_path/Frameworks",
				);
				MARKETING_VERSION = 1.0;
				PRODUCT_BUNDLE_IDENTIFIER = com.photoEditor.boltromyuk.PhotoEditor;
				PRODUCT_NAME = "$(TARGET_NAME)";
				SWIFT_EMIT_LOC_STRINGS = YES;
				SWIFT_VERSION = 5.0;
				TARGETED_DEVICE_FAMILY = "1,2";
			};
			name = Release;
		};
/* End XCBuildConfiguration section */

/* Begin XCConfigurationList section */
		CE0B2E9B29265DBD006F23A0 /* Build configuration list for PBXProject "PhotoEditor" */ = {
			isa = XCConfigurationList;
			buildConfigurations = (
				CE0B2EB229265DBF006F23A0 /* Debug */,
				CE0B2EB329265DBF006F23A0 /* Release */,
			);
			defaultConfigurationIsVisible = 0;
			defaultConfigurationName = Release;
		};
		CE0B2EB429265DBF006F23A0 /* Build configuration list for PBXNativeTarget "PhotoEditor" */ = {
			isa = XCConfigurationList;
			buildConfigurations = (
				CE0B2EB529265DBF006F23A0 /* Debug */,
				CE0B2EB629265DBF006F23A0 /* Release */,
			);
			defaultConfigurationIsVisible = 0;
			defaultConfigurationName = Release;
		};
/* End XCConfigurationList section */
	};
	rootObject = CE0B2E9829265DBD006F23A0 /* Project object */;
}
